
Microsoft Visual Studio Solution File, Format Version 12.00
# Visual Studio Version 17
VisualStudioVersion = 17.2.32505.173
MinimumVisualStudioVersion = 10.0.40219.1
Project("{FAE04EC0-301F-11D3-BF4B-00C04F79EFBC}") = "MongoExercises", "MongoExercises.csproj", "{3BB4C7FD-D3C7-4858-BCBE-52F2AB3F57B3}"
EndProject
Global
	GlobalSection(SolutionConfigurationPlatforms) = preSolution
		Debug|Any CPU = Debug|Any CPU
		Release|Any CPU = Release|Any CPU
	EndGlobalSection
	GlobalSection(ProjectConfigurationPlatforms) = postSolution
		{3BB4C7FD-D3C7-4858-BCBE-52F2AB3F57B3}.Debug|Any CPU.ActiveCfg = Debug|Any CPU
		{3BB4C7FD-D3C7-4858-BCBE-52F2AB3F57B3}.Debug|Any CPU.Build.0 = Debug|Any CPU
		{3BB4C7FD-D3C7-4858-BCBE-52F2AB3F57B3}.Release|Any CPU.ActiveCfg = Release|Any CPU
		{3BB4C7FD-D3C7-4858-BCBE-52F2AB3F57B3}.Release|Any CPU.Build.0 = Release|Any CPU
	EndGlobalSection
	GlobalSection(SolutionProperties) = preSolution
		HideSolutionNode = FALSE
	EndGlobalSection
	GlobalSection(ExtensibilityGlobals) = postSolution
		SolutionGuid = {098917ED-07B8-46AA-B8E9-0E719E4F61AE}
	EndGlobalSection
EndGlobal
